
Microsoft Visual Studio Solution File, Format Version 12.00
# Visual Studio Version 17
VisualStudioVersion = 17.11.35303.130
MinimumVisualStudioVersion = 10.0.40219.1
Project("{FAE04EC0-301F-11D3-BF4B-00C04F79EFBC}") = "ELC1013-T1", "ELC1013-T1.csproj", "{1EEDF8A1-CAB8-4D8C-B5EE-8F41EE680566}"
EndProject
Global
	GlobalSection(SolutionConfigurationPlatforms) = preSolution
		Debug|Any CPU = Debug|Any CPU
		Release|Any CPU = Release|Any CPU
	EndGlobalSection
	GlobalSection(ProjectConfigurationPlatforms) = postSolution
		{1EEDF8A1-CAB8-4D8C-B5EE-8F41EE680566}.Debug|Any CPU.ActiveCfg = Debug|Any CPU
		{1EEDF8A1-CAB8-4D8C-B5EE-8F41EE680566}.Debug|Any CPU.Build.0 = Debug|Any CPU
		{1EEDF8A1-CAB8-4D8C-B5EE-8F41EE680566}.Release|Any CPU.ActiveCfg = Release|Any CPU
		{1EEDF8A1-CAB8-4D8C-B5EE-8F41EE680566}.Release|Any CPU.Build.0 = Release|Any CPU
	EndGlobalSection
	GlobalSection(SolutionProperties) = preSolution
		HideSolutionNode = FALSE
	EndGlobalSection
	GlobalSection(ExtensibilityGlobals) = postSolution
		SolutionGuid = {4753100C-B5B5-4C87-96AE-938677312527}
	EndGlobalSection
EndGlobal
